{
  "name": "echo-site",
  "version": "1.0.0",
  "lockfileVersion": 3,
  "requires": true,
  "packages": {
    "": {
      "name": "echo-site",
      "version": "1.0.0",
      "dependencies": {
        "@builtbyecho/public-api-finder": "^0.5.11"
      }
    },
    "node_modules/@builtbyecho/public-api-finder": {
      "version": "0.5.11",
      "resolved": "https://registry.npmjs.org/@builtbyecho/public-api-finder/-/public-api-finder-0.5.11.tgz",
      "integrity": "sha512-D4JNXdhC2t7HMtGjOKt/PTkpotpnqF2OlcPNL3g/TYs+eoxNSfAeuNtpzK74g9a73G2f4emTpn9PO5BOCCeLHQ==",
      "license": "MIT",
      "bin": {
        "public-api-finder": "src/cli.js"
      },
      "engines": {
        "node": ">=20"
      }
    }
  }
}
